
Microsoft Visual Studio Solution File, Format Version 12.00
# Visual Studio 15
VisualStudioVersion = 15.0.27004.2008
MinimumVisualStudioVersion = 10.0.40219.1
Project("{262852C6-CD72-467D-83FE-5EEB1973A190}") = "Test", "Test\Test.jsproj", "{97C4C253-04D2-4915-90DA-9925C6A398BE}"
EndProject
Global
	GlobalSection(SolutionConfigurationPlatforms) = preSolution
		Debug|Android = Debug|Android
		Debug|iOS = Debug|iOS
		Debug|Windows-ARM = Debug|Windows-ARM
		Debug|Windows-x64 = Debug|Windows-x64
		Debug|Windows-x86 = Debug|Windows-x86
		Release|Android = Release|Android
		Release|iOS = Release|iOS
		Release|Windows-ARM = Release|Windows-ARM
		Release|Windows-x64 = Release|Windows-x64
		Release|Windows-x86 = Release|Windows-x86
	EndGlobalSection
	GlobalSection(ProjectConfigurationPlatforms) = postSolution
		{97C4C253-04D2-4915-90DA-9925C6A398BE}.Debug|Android.ActiveCfg = Debug|Android
		{97C4C253-04D2-4915-90DA-9925C6A398BE}.Debug|Android.Build.0 = Debug|Android
		{97C4C253-04D2-4915-90DA-9925C6A398BE}.Debug|Android.Deploy.0 = Debug|Android
		{97C4C253-04D2-4915-90DA-9925C6A398BE}.Debug|iOS.ActiveCfg = Debug|iOS
		{97C4C253-04D2-4915-90DA-9925C6A398BE}.Debug|iOS.Build.0 = Debug|iOS
		{97C4C253-04D2-4915-90DA-9925C6A398BE}.Debug|iOS.Deploy.0 = Debug|iOS
		{97C4C253-04D2-4915-90DA-9925C6A398BE}.Debug|Windows-ARM.ActiveCfg = Debug|Windows-ARM
		{97C4C253-04D2-4915-90DA-9925C6A398BE}.Debug|Windows-ARM.Build.0 = Debug|Windows-ARM
		{97C4C253-04D2-4915-90DA-9925C6A398BE}.Debug|Windows-ARM.Deploy.0 = Debug|Windows-ARM
		{97C4C253-04D2-4915-90DA-9925C6A398BE}.Debug|Windows-x64.ActiveCfg = Debug|Windows-x64
		{97C4C253-04D2-4915-90DA-9925C6A398BE}.Debug|Windows-x64.Build.0 = Debug|Windows-x64
		{97C4C253-04D2-4915-90DA-9925C6A398BE}.Debug|Windows-x64.Deploy.0 = Debug|Windows-x64
		{97C4C253-04D2-4915-90DA-9925C6A398BE}.Debug|Windows-x86.ActiveCfg = Debug|Windows-x86
		{97C4C253-04D2-4915-90DA-9925C6A398BE}.Debug|Windows-x86.Build.0 = Debug|Windows-x86
		{97C4C253-04D2-4915-90DA-9925C6A398BE}.Debug|Windows-x86.Deploy.0 = Debug|Windows-x86
		{97C4C253-04D2-4915-90DA-9925C6A398BE}.Release|Android.ActiveCfg = Release|Android
		{97C4C253-04D2-4915-90DA-9925C6A398BE}.Release|Android.Build.0 = Release|Android
		{97C4C253-04D2-4915-90DA-9925C6A398BE}.Release|Android.Deploy.0 = Release|Android
		{97C4C253-04D2-4915-90DA-9925C6A398BE}.Release|iOS.ActiveCfg = Release|iOS
		{97C4C253-04D2-4915-90DA-9925C6A398BE}.Release|iOS.Build.0 = Release|iOS
		{97C4C253-04D2-4915-90DA-9925C6A398BE}.Release|iOS.Deploy.0 = Release|iOS
		{97C4C253-04D2-4915-90DA-9925C6A398BE}.Release|Windows-ARM.ActiveCfg = Release|Windows-ARM
		{97C4C253-04D2-4915-90DA-9925C6A398BE}.Release|Windows-ARM.Build.0 = Release|Windows-ARM
		{97C4C253-04D2-4915-90DA-9925C6A398BE}.Release|Windows-ARM.Deploy.0 = Release|Windows-ARM
		{97C4C253-04D2-4915-90DA-9925C6A398BE}.Release|Windows-x64.ActiveCfg = Release|Windows-x64
		{97C4C253-04D2-4915-90DA-9925C6A398BE}.Release|Windows-x64.Build.0 = Release|Windows-x64
		{97C4C253-04D2-4915-90DA-9925C6A398BE}.Release|Windows-x64.Deploy.0 = Release|Windows-x64
		{97C4C253-04D2-4915-90DA-9925C6A398BE}.Release|Windows-x86.ActiveCfg = Release|Windows-x86
		{97C4C253-04D2-4915-90DA-9925C6A398BE}.Release|Windows-x86.Build.0 = Release|Windows-x86
		{97C4C253-04D2-4915-90DA-9925C6A398BE}.Release|Windows-x86.Deploy.0 = Release|Windows-x86
	EndGlobalSection
	GlobalSection(SolutionProperties) = preSolution
		HideSolutionNode = FALSE
	EndGlobalSection
	GlobalSection(ExtensibilityGlobals) = postSolution
		SolutionGuid = {6242E14A-86AB-41EC-BB15-13B20975587F}
	EndGlobalSection
EndGlobal
